# This file is automatically @generated by Cargo.
# It is not intended for manual editing.
version = 4

[[package]]
name = "legatus-admin"
version = "0.0.0"
dependencies = [
 "legatus-common",
]

[[package]]
name = "legatus-common"
version = "0.0.0"

[[package]]
name = "legatus-node-agent"
version = "0.0.0"
dependencies = [
 "legatus-common",
]

[[package]]
name = "legatus-proxy"
version = "0.0.0"
dependencies = [
 "legatus-common",
]

[[package]]
name = "legatus-simtests"
version = "0.0.0"
dependencies = [
 "legatus-proxy",
 "legatus-testkit",
]

[[package]]
name = "legatus-testkit"
version = "0.0.0"
dependencies = [
 "legatus-common",
]
